
Microsoft Visual Studio Solution File, Format Version 12.00
# Visual Studio 14
VisualStudioVersion = 14.0.25420.1
MinimumVisualStudioVersion = 10.0.40219.1
Project("{2150E333-8FDC-42A3-9474-1A3956D46DE8}") = "src", "src", "{E49CEF8C-68EE-4D7E-BF5C-F1015942312F}"
EndProject
Project("{2150E333-8FDC-42A3-9474-1A3956D46DE8}") = "Solution Items", "Solution Items", "{BEDA05A4-2439-47E1-87AF-B8DFC92B5C7C}"
	ProjectSection(SolutionItems) = preProject
		global.json = global.json
	EndProjectSection
EndProject
Project("{8BB2217D-0F2D-49D1-97BC-3654ED321F3B}") = "WebApiCoreDemo", "src\WebApiCoreDemo\WebApiCoreDemo.xproj", "{6ECAECDC-A5FA-4676-89D5-3F5305D07217}"
EndProject
Global
	GlobalSection(SolutionConfigurationPlatforms) = preSolution
		Debug|Any CPU = Debug|Any CPU
		Release|Any CPU = Release|Any CPU
	EndGlobalSection
	GlobalSection(ProjectConfigurationPlatforms) = postSolution
		{6ECAECDC-A5FA-4676-89D5-3F5305D07217}.Debug|Any CPU.ActiveCfg = Debug|Any CPU
		{6ECAECDC-A5FA-4676-89D5-3F5305D07217}.Debug|Any CPU.Build.0 = Debug|Any CPU
		{6ECAECDC-A5FA-4676-89D5-3F5305D07217}.Release|Any CPU.ActiveCfg = Release|Any CPU
		{6ECAECDC-A5FA-4676-89D5-3F5305D07217}.Release|Any CPU.Build.0 = Release|Any CPU
	EndGlobalSection
	GlobalSection(SolutionProperties) = preSolution
		HideSolutionNode = FALSE
	EndGlobalSection
	GlobalSection(NestedProjects) = preSolution
		{6ECAECDC-A5FA-4676-89D5-3F5305D07217} = {E49CEF8C-68EE-4D7E-BF5C-F1015942312F}
	EndGlobalSection
EndGlobal
